{
  "version": 2,
  "dependencies": {
    "net9.0": {
      "Microsoft.Extensions.AI.Abstractions": {
        "type": "Direct",
        "requested": "[9.7.0, )",
        "resolved": "9.7.0",
        "contentHash": "RfSX87hrIMi9ebfsVjr90qs+QlcgM4iQSgbLt5ZUuZdDZWKVQDS2ZTtSMEviAvy0apqvKVHEj6jQsPJPGcFUtQ=="
      },
      "ModelContextProtocol.Core": {
        "type": "Direct",
        "requested": "[0.2.0-preview.3, )",
        "resolved": "0.2.0-preview.3",
        "contentHash": "90zVR7ZcGN6cyDZM2EjV48n/H17AdA5fYt3jjTL0PY275BquFhESyRAcorAAG3BCqV/vXo6HuQpFUuPam/9xOw==",
        "dependencies": {
          "Microsoft.Extensions.AI.Abstractions": "9.5.0",
          "Microsoft.Extensions.Logging.Abstractions": "9.0.5",
          "System.Net.ServerSentEvents": "10.0.0-preview.4.25258.110"
        }
      },
      "Microsoft.Extensions.DependencyInjection.Abstractions": {
        "type": "Transitive",
        "resolved": "9.0.5",
        "contentHash": "cjnRtsEAzU73aN6W7vkWy8Phj5t3Xm78HSqgrbh/O4Q9SK/yN73wZVa21QQY6amSLQRQ/M8N+koGnY6PuvKQsw=="
      },
      "Microsoft.Extensions.Logging.Abstractions": {
        "type": "Transitive",
        "resolved": "9.0.5",
        "contentHash": "pP1PADCrIxMYJXxFmTVbAgEU7GVpjK5i0/tyfU9DiE0oXQy3JWQaOVgCkrCiePLgS8b5sghM3Fau3EeHiVWbCg==",
        "dependencies": {
          "Microsoft.Extensions.DependencyInjection.Abstractions": "9.0.5"
        }
      },
      "System.Net.ServerSentEvents": {
        "type": "Transitive",
        "resolved": "10.0.0-preview.4.25258.110",
        "contentHash": "5SG8yFN0e6y3VVaCMWSRYdDW15Apzg2LQoYUtl+jFrGb/+RLSMYmIdU9hO1hbHqpU0JD/lfBlCox0FebdAGGOQ=="
      },
      "dotnet.ai.tools": {
        "type": "Project",
        "dependencies": {
          "ModelContextProtocol.Core": "[0.2.0-preview.3, )"
        }
      }
    }
  }
}