{
  "version": 2,
  "dependencies": {
    "net9.0": {
      "Microsoft.Extensions.AI": {
        "type": "Direct",
        "requested": "[9.7.0, )",
        "resolved": "9.7.0",
        "contentHash": "FzkaxmLU0W5AN6b+C8EBLz24MiZ0O8oHjpuAY5DXHwzpgUfSreTmpF6ZED8I6qamdgo1VJ20SosqmI+BfOtkvQ==",
        "dependencies": {
          "Microsoft.Extensions.AI.Abstractions": "9.7.0",
          "Microsoft.Extensions.Caching.Abstractions": "9.0.7",
          "Microsoft.Extensions.DependencyInjection.Abstractions": "9.0.7",
          "Microsoft.Extensions.Logging.Abstractions": "9.0.7",
          "System.Diagnostics.DiagnosticSource": "9.0.7",
          "System.Text.Json": "9.0.7",
          "System.Threading.Channels": "9.0.7"
        }
      },
      "Microsoft.Extensions.AI.Abstractions": {
        "type": "Transitive",
        "resolved": "9.7.0",
        "contentHash": "RfSX87hrIMi9ebfsVjr90qs+QlcgM4iQSgbLt5ZUuZdDZWKVQDS2ZTtSMEviAvy0apqvKVHEj6jQsPJPGcFUtQ=="
      },
      "Microsoft.Extensions.Caching.Abstractions": {
        "type": "Transitive",
        "resolved": "9.0.7",
        "contentHash": "30necCQehcg9lFkMEIE7HczcoYGML8GUH6jlincA18d896fLZM9wl5tpTPJHgzANQE/6KXRLZSWbgevgg5csSw==",
        "dependencies": {
          "Microsoft.Extensions.Primitives": "9.0.7"
        }
      },
      "Microsoft.Extensions.DependencyInjection.Abstractions": {
        "type": "Transitive",
        "resolved": "9.0.7",
        "contentHash": "iPK1FxbGFr2Xb+4Y+dTYI8Gupu9pOi8I3JPuPsrogUmEhe2hzZ9LpCmolMEBhVDo2ikcSr7G5zYiwaapHSQTew=="
      },
      "Microsoft.Extensions.Logging.Abstractions": {
        "type": "Transitive",
        "resolved": "9.0.7",
        "contentHash": "sMM6NEAdUTE/elJ2wqjOi0iBWqZmSyaTByLF9e8XHv6DRJFFnOe0N+s8Uc6C91E4SboQCfLswaBIZ+9ZXA98AA==",
        "dependencies": {
          "Microsoft.Extensions.DependencyInjection.Abstractions": "9.0.7"
        }
      },
      "Microsoft.Extensions.Primitives": {
        "type": "Transitive",
        "resolved": "9.0.7",
        "contentHash": "ti/zD9BuuO50IqlvhWQs9GHxkCmoph5BHjGiWKdg2t6Or8XoyAfRJiKag+uvd/fpASnNklfsB01WpZ4fhAe0VQ=="
      },
      "System.Diagnostics.DiagnosticSource": {
        "type": "Transitive",
        "resolved": "9.0.7",
        "contentHash": "i0uHOKl+qabSYMpY8i676wgi8TI9D3yJIh9s8eog9xhcIqWiA+8khfYkAumCmTkJNMsI7qV527VTeSiQc6tPWA=="
      },
      "System.Text.Json": {
        "type": "Transitive",
        "resolved": "9.0.7",
        "contentHash": "u/lN2FEEXs3ghj2ta8tWA4r2MS9Yni07K7jDmnz8h1UPDf0lIIIEMkWx383Zz4fJjJio7gDl+00RYuQ/7R8ZQw=="
      },
      "System.Threading.Channels": {
        "type": "Transitive",
        "resolved": "9.0.7",
        "contentHash": "mkUpBpVVhSGJC45HXrA1BcDEwOsIG54kRmVMOYbdY+iXVBrYBu/awDAApXi6v/vrwx6TaF6cfg/yi7IRrV4eRQ=="
      }
    }
  }
}