
Microsoft Visual Studio Solution File, Format Version 12.00
Project("{2150E333-8FDC-42A3-9474-1A3956D46DE8}") = "_SolutionItems", "_SolutionItems", "{27620D03-A99E-442E-B474-266C7744132F}"
	ProjectSection(SolutionItems) = preProject
		README.md = ../README.md
		nuget.config = nuget.config
		global.json = global.json
		Directory.Packages.props = Directory.Packages.props
		Directory.Build.props = Directory.Build.props
	EndProjectSection
EndProject
Project("{FAE04EC0-301F-11D3-BF4B-00C04F79EFBC}") = "Dotnet.AI.MCP.Server", "Dotnet.AI.MCP.Server\Dotnet.AI.MCP.Server.csproj", "{81A9E97D-67DE-4347-83DC-3D7114D52BC4}"
EndProject
Project("{FAE04EC0-301F-11D3-BF4B-00C04F79EFBC}") = "Dotnet.AI.Orchestration", "Dotnet.AI.Orchestration\Dotnet.AI.Orchestration.csproj", "{28976FFC-3984-4386-9620-0F75328E9E19}"
EndProject
Project("{FAE04EC0-301F-11D3-BF4B-00C04F79EFBC}") = "Dotnet.AI.Console", "Dotnet.AI.Console\Dotnet.AI.Console.csproj", "{FBA650C1-ABF8-4D7C-AF3D-F20C93EF6251}"
EndProject
Global
	GlobalSection(SolutionConfigurationPlatforms) = preSolution
		Debug|Any CPU = Debug|Any CPU
		Release|Any CPU = Release|Any CPU
	EndGlobalSection
	GlobalSection(ProjectConfigurationPlatforms) = postSolution
		{81A9E97D-67DE-4347-83DC-3D7114D52BC4}.Debug|Any CPU.ActiveCfg = Debug|Any CPU
		{81A9E97D-67DE-4347-83DC-3D7114D52BC4}.Debug|Any CPU.Build.0 = Debug|Any CPU
		{81A9E97D-67DE-4347-83DC-3D7114D52BC4}.Release|Any CPU.ActiveCfg = Release|Any CPU
		{81A9E97D-67DE-4347-83DC-3D7114D52BC4}.Release|Any CPU.Build.0 = Release|Any CPU
		{28976FFC-3984-4386-9620-0F75328E9E19}.Debug|Any CPU.ActiveCfg = Debug|Any CPU
		{28976FFC-3984-4386-9620-0F75328E9E19}.Debug|Any CPU.Build.0 = Debug|Any CPU
		{28976FFC-3984-4386-9620-0F75328E9E19}.Release|Any CPU.ActiveCfg = Release|Any CPU
		{28976FFC-3984-4386-9620-0F75328E9E19}.Release|Any CPU.Build.0 = Release|Any CPU
		{FBA650C1-ABF8-4D7C-AF3D-F20C93EF6251}.Debug|Any CPU.ActiveCfg = Debug|Any CPU
		{FBA650C1-ABF8-4D7C-AF3D-F20C93EF6251}.Debug|Any CPU.Build.0 = Debug|Any CPU
		{FBA650C1-ABF8-4D7C-AF3D-F20C93EF6251}.Release|Any CPU.ActiveCfg = Release|Any CPU
		{FBA650C1-ABF8-4D7C-AF3D-F20C93EF6251}.Release|Any CPU.Build.0 = Release|Any CPU
	EndGlobalSection
	GlobalSection(NestedProjects) = preSolution
	EndGlobalSection
EndGlobal
